
Microsoft Visual Studio Solution File, Format Version 12.00
# Visual Studio Version 17
VisualStudioVersion = 17.13.35919.96 d17.13
MinimumVisualStudioVersion = 10.0.40219.1
Project("{FAE04EC0-301F-11D3-BF4B-00C04F79EFBC}") = "Aksenova_bank", "Aksenova_bank\Aksenova_bank.csproj", "{DC7A8F21-6E00-407F-904C-432C089EC696}"
EndProject
Project("{FAE04EC0-301F-11D3-BF4B-00C04F79EFBC}") = "BankTests", "BankTests\BankTests.csproj", "{67D07A70-F51F-4CF9-91CD-C7A417428B8E}"
EndProject
Global
	GlobalSection(SolutionConfigurationPlatforms) = preSolution
		Debug|Any CPU = Debug|Any CPU
		Release|Any CPU = Release|Any CPU
	EndGlobalSection
	GlobalSection(ProjectConfigurationPlatforms) = postSolution
		{DC7A8F21-6E00-407F-904C-432C089EC696}.Debug|Any CPU.ActiveCfg = Debug|Any CPU
		{DC7A8F21-6E00-407F-904C-432C089EC696}.Debug|Any CPU.Build.0 = Debug|Any CPU
		{DC7A8F21-6E00-407F-904C-432C089EC696}.Release|Any CPU.ActiveCfg = Release|Any CPU
		{DC7A8F21-6E00-407F-904C-432C089EC696}.Release|Any CPU.Build.0 = Release|Any CPU
		{67D07A70-F51F-4CF9-91CD-C7A417428B8E}.Debug|Any CPU.ActiveCfg = Debug|Any CPU
		{67D07A70-F51F-4CF9-91CD-C7A417428B8E}.Debug|Any CPU.Build.0 = Debug|Any CPU
		{67D07A70-F51F-4CF9-91CD-C7A417428B8E}.Release|Any CPU.ActiveCfg = Release|Any CPU
		{67D07A70-F51F-4CF9-91CD-C7A417428B8E}.Release|Any CPU.Build.0 = Release|Any CPU
	EndGlobalSection
	GlobalSection(SolutionProperties) = preSolution
		HideSolutionNode = FALSE
	EndGlobalSection
	GlobalSection(ExtensibilityGlobals) = postSolution
		SolutionGuid = {A913E794-8738-4AD1-AE9B-C699CEB9E95D}
	EndGlobalSection
EndGlobal
